
Microsoft Visual Studio Solution File, Format Version 12.00
# Visual Studio Version 17
VisualStudioVersion = 17.8.34511.84
MinimumVisualStudioVersion = 10.0.40219.1
Project("{FAE04EC0-301F-11D3-BF4B-00C04F79EFBC}") = "Vehicles", "Vehicles\Vehicles.csproj", "{DD781CBA-2527-40E5-A93B-D0030D337346}"
EndProject
Global
	GlobalSection(SolutionConfigurationPlatforms) = preSolution
		Debug|Any CPU = Debug|Any CPU
		Release|Any CPU = Release|Any CPU
	EndGlobalSection
	GlobalSection(ProjectConfigurationPlatforms) = postSolution
		{DD781CBA-2527-40E5-A93B-D0030D337346}.Debug|Any CPU.ActiveCfg = Debug|Any CPU
		{DD781CBA-2527-40E5-A93B-D0030D337346}.Debug|Any CPU.Build.0 = Debug|Any CPU
		{DD781CBA-2527-40E5-A93B-D0030D337346}.Release|Any CPU.ActiveCfg = Release|Any CPU
		{DD781CBA-2527-40E5-A93B-D0030D337346}.Release|Any CPU.Build.0 = Release|Any CPU
	EndGlobalSection
	GlobalSection(SolutionProperties) = preSolution
		HideSolutionNode = FALSE
	EndGlobalSection
	GlobalSection(ExtensibilityGlobals) = postSolution
		SolutionGuid = {CED809CB-4790-4A46-86BF-D9AF9E3920C8}
	EndGlobalSection
EndGlobal
