
Microsoft Visual Studio Solution File, Format Version 12.00
# Visual Studio Version 17
VisualStudioVersion = 17.8.34511.84
MinimumVisualStudioVersion = 10.0.40219.1
Project("{9A19103F-16F7-4668-BE54-9A1E7A4F7556}") = "PersonInfo", "PersonInfo\PersonInfo.csproj", "{2A35DA9C-E74B-4368-8771-338634409BB8}"
EndProject
Project("{9A19103F-16F7-4668-BE54-9A1E7A4F7556}") = "Telephony", "Telephony\Telephony.csproj", "{84A83A24-C92D-4B1E-9F5C-DA001DF611C3}"
EndProject
Project("{9A19103F-16F7-4668-BE54-9A1E7A4F7556}") = "BorderControl", "BorderControl\BorderControl.csproj", "{4CA732B2-AF4D-4853-800A-453A4C565634}"
EndProject
Project("{9A19103F-16F7-4668-BE54-9A1E7A4F7556}") = "FoodShortage", "FoodShortage\FoodShortage.csproj", "{514C1E1A-E90A-4C02-9E9C-C4073726F797}"
EndProject
Project("{9A19103F-16F7-4668-BE54-9A1E7A4F7556}") = "MilitaryElite", "MilitaryElite\MilitaryElite.csproj", "{C84CF440-2900-45AF-8A7B-B4347CBECAD3}"
EndProject
Project("{FAE04EC0-301F-11D3-BF4B-00C04F79EFBC}") = "CollectionHierarchy", "CollectionHierarchy\CollectionHierarchy.csproj", "{0B5886E9-7E33-4E3F-BDBE-210664546D46}"
EndProject
Global
	GlobalSection(SolutionConfigurationPlatforms) = preSolution
		Debug|Any CPU = Debug|Any CPU
		Release|Any CPU = Release|Any CPU
	EndGlobalSection
	GlobalSection(ProjectConfigurationPlatforms) = postSolution
		{2A35DA9C-E74B-4368-8771-338634409BB8}.Debug|Any CPU.ActiveCfg = Debug|Any CPU
		{2A35DA9C-E74B-4368-8771-338634409BB8}.Debug|Any CPU.Build.0 = Debug|Any CPU
		{2A35DA9C-E74B-4368-8771-338634409BB8}.Release|Any CPU.ActiveCfg = Release|Any CPU
		{2A35DA9C-E74B-4368-8771-338634409BB8}.Release|Any CPU.Build.0 = Release|Any CPU
		{84A83A24-C92D-4B1E-9F5C-DA001DF611C3}.Debug|Any CPU.ActiveCfg = Debug|Any CPU
		{84A83A24-C92D-4B1E-9F5C-DA001DF611C3}.Debug|Any CPU.Build.0 = Debug|Any CPU
		{84A83A24-C92D-4B1E-9F5C-DA001DF611C3}.Release|Any CPU.ActiveCfg = Release|Any CPU
		{84A83A24-C92D-4B1E-9F5C-DA001DF611C3}.Release|Any CPU.Build.0 = Release|Any CPU
		{4CA732B2-AF4D-4853-800A-453A4C565634}.Debug|Any CPU.ActiveCfg = Debug|Any CPU
		{4CA732B2-AF4D-4853-800A-453A4C565634}.Debug|Any CPU.Build.0 = Debug|Any CPU
		{4CA732B2-AF4D-4853-800A-453A4C565634}.Release|Any CPU.ActiveCfg = Release|Any CPU
		{4CA732B2-AF4D-4853-800A-453A4C565634}.Release|Any CPU.Build.0 = Release|Any CPU
		{514C1E1A-E90A-4C02-9E9C-C4073726F797}.Debug|Any CPU.ActiveCfg = Debug|Any CPU
		{514C1E1A-E90A-4C02-9E9C-C4073726F797}.Debug|Any CPU.Build.0 = Debug|Any CPU
		{514C1E1A-E90A-4C02-9E9C-C4073726F797}.Release|Any CPU.ActiveCfg = Release|Any CPU
		{514C1E1A-E90A-4C02-9E9C-C4073726F797}.Release|Any CPU.Build.0 = Release|Any CPU
		{C84CF440-2900-45AF-8A7B-B4347CBECAD3}.Debug|Any CPU.ActiveCfg = Debug|Any CPU
		{C84CF440-2900-45AF-8A7B-B4347CBECAD3}.Debug|Any CPU.Build.0 = Debug|Any CPU
		{C84CF440-2900-45AF-8A7B-B4347CBECAD3}.Release|Any CPU.ActiveCfg = Release|Any CPU
		{C84CF440-2900-45AF-8A7B-B4347CBECAD3}.Release|Any CPU.Build.0 = Release|Any CPU
		{0B5886E9-7E33-4E3F-BDBE-210664546D46}.Debug|Any CPU.ActiveCfg = Debug|Any CPU
		{0B5886E9-7E33-4E3F-BDBE-210664546D46}.Debug|Any CPU.Build.0 = Debug|Any CPU
		{0B5886E9-7E33-4E3F-BDBE-210664546D46}.Release|Any CPU.ActiveCfg = Release|Any CPU
		{0B5886E9-7E33-4E3F-BDBE-210664546D46}.Release|Any CPU.Build.0 = Release|Any CPU
	EndGlobalSection
	GlobalSection(SolutionProperties) = preSolution
		HideSolutionNode = FALSE
	EndGlobalSection
	GlobalSection(ExtensibilityGlobals) = postSolution
		SolutionGuid = {99693003-8272-4772-A046-0DB56F42E8AE}
	EndGlobalSection
EndGlobal
